// !$*UTF8*$!
{
	archiveVersion = 1;
	classes = {
	};
	objectVersion = 56;
	objects = {

/* Begin PBXBuildFile section */
		9F2DDEEB2BA491A000EBA413 /* TimerState.swift in Sources */ = {isa = PBXBuildFile; fileRef = 9F2DDEEA2BA491A000EBA413 /* TimerState.swift */; };
		9F3053922BB5E9B6006B8090 /* WidgetKit.framework in Frameworks */ = {isa = PBXBuildFile; fileRef = 9F3053912BB5E9B6006B8090 /* WidgetKit.framework */; };
		9F3053942BB5E9B6006B8090 /* SwiftUI.framework in Frameworks */ = {isa = PBXBuildFile; fileRef = 9F3053932BB5E9B6006B8090 /* SwiftUI.framework */; };
		9F3053972BB5E9B6006B8090 /* TimerWidgetBundle.swift in Sources */ = {isa = PBXBuildFile; fileRef = 9F3053962BB5E9B6006B8090 /* TimerWidgetBundle.swift */; };
		9F3053992BB5E9B6006B8090 /* TimerWidget.swift in Sources */ = {isa = PBXBuildFile; fileRef = 9F3053982BB5E9B6006B8090 /* TimerWidget.swift */; };
		9F30539B2BB5E9B8006B8090 /* Assets.xcassets in Resources */ = {isa = PBXBuildFile; fileRef = 9F30539A2BB5E9B8006B8090 /* Assets.xcassets */; };
		9F30539F2BB5E9B8006B8090 /* TimerWidgetExtension.appex in Embed Foundation Extensions */ = {isa = PBXBuildFile; fileRef = 9F30538F2BB5E9B6006B8090 /* TimerWidgetExtension.appex */; settings = {ATTRIBUTES = (RemoveHeadersOnCopy, ); }; };
		9F3053A52BB6ED7F006B8090 /* TimerState.swift in Sources */ = {isa = PBXBuildFile; fileRef = 9F2DDEEA2BA491A000EBA413 /* TimerState.swift */; };
		9F3053A62BB6ED8F006B8090 /* SettingsManager.swift in Sources */ = {isa = PBXBuildFile; fileRef = 9F52B9012BB3322700410E1C /* SettingsManager.swift */; };
		9F3053A92BB7644C006B8090 /* Constants.swift in Sources */ = {isa = PBXBuildFile; fileRef = 9F83A6822BAB6C41004A6E6A /* Constants.swift */; };
		9F3053AA2BB764D3006B8090 /* Constants.swift in Sources */ = {isa = PBXBuildFile; fileRef = 9F83A6822BAB6C41004A6E6A /* Constants.swift */; };
		9F52B9002BB330F100410E1C /* SettingsView.swift in Sources */ = {isa = PBXBuildFile; fileRef = 9F52B8FF2BB330F100410E1C /* SettingsView.swift */; };
		9F52B9022BB3322700410E1C /* SettingsManager.swift in Sources */ = {isa = PBXBuildFile; fileRef = 9F52B9012BB3322700410E1C /* SettingsManager.swift */; };
		9F52B9032BB3322700410E1C /* SettingsManager.swift in Sources */ = {isa = PBXBuildFile; fileRef = 9F52B9012BB3322700410E1C /* SettingsManager.swift */; };
		9F5D33EA2BA9B9D40049100C /* Focal_iOSApp.swift in Sources */ = {isa = PBXBuildFile; fileRef = 9F5D33E92BA9B9D40049100C /* Focal_iOSApp.swift */; };
		9F5D33EE2BA9B9D50049100C /* Assets.xcassets in Resources */ = {isa = PBXBuildFile; fileRef = 9F5D33ED2BA9B9D50049100C /* Assets.xcassets */; };
		9F5D33F12BA9B9D50049100C /* Preview Assets.xcassets in Resources */ = {isa = PBXBuildFile; fileRef = 9F5D33F02BA9B9D50049100C /* Preview Assets.xcassets */; };
		9F5D33FD2BA9BE440049100C /* TimerViewModel.swift in Sources */ = {isa = PBXBuildFile; fileRef = 9FB39DFE2BA0B88F00B5A3F3 /* TimerViewModel.swift */; };
		9F5D33FE2BA9BE500049100C /* TimerState.swift in Sources */ = {isa = PBXBuildFile; fileRef = 9F2DDEEA2BA491A000EBA413 /* TimerState.swift */; };
		9F5D33FF2BA9BE560049100C /* TimerView.swift in Sources */ = {isa = PBXBuildFile; fileRef = 9F954AFC2B9F3BCC00A8D5FA /* TimerView.swift */; };
		9F5D34002BA9BE6A0049100C /* MyButtonStyle.swift in Sources */ = {isa = PBXBuildFile; fileRef = 9FD86AF02BA5D8DE00BBED1B /* MyButtonStyle.swift */; };
		9F5D34052BAA080D0049100C /* AppDelegate.swift in Sources */ = {isa = PBXBuildFile; fileRef = 9F5D34042BAA080D0049100C /* AppDelegate.swift */; };
		9F5D34082BAA0AC40049100C /* NotificationDelegate.swift in Sources */ = {isa = PBXBuildFile; fileRef = 9F5D34072BAA0AC40049100C /* NotificationDelegate.swift */; };
		9F64DF2C2BD13E8C005C4C0A /* SkipButton.swift in Sources */ = {isa = PBXBuildFile; fileRef = 9F64DF2B2BD13E8C005C4C0A /* SkipButton.swift */; };
		9F64DF2D2BD13E8C005C4C0A /* SkipButton.swift in Sources */ = {isa = PBXBuildFile; fileRef = 9F64DF2B2BD13E8C005C4C0A /* SkipButton.swift */; };
		9F6D48DB2BB59A0300FB7D23 /* AppDelegate.swift in Sources */ = {isa = PBXBuildFile; fileRef = 9F6D48DA2BB59A0300FB7D23 /* AppDelegate.swift */; };
		9F82EF2E2D18B92C007A452A /* EditableTimerLabel.swift in Sources */ = {isa = PBXBuildFile; fileRef = 9F82EF2D2D18B92C007A452A /* EditableTimerLabel.swift */; };
		9F82EF2F2D18B92C007A452A /* EditableTimerLabel.swift in Sources */ = {isa = PBXBuildFile; fileRef = 9F82EF2D2D18B92C007A452A /* EditableTimerLabel.swift */; };
		9F83A67D2BAB5742004A6E6A /* SettingsView.swift in Sources */ = {isa = PBXBuildFile; fileRef = 9F83A67C2BAB5742004A6E6A /* SettingsView.swift */; };
		9F83A6812BAB6ACE004A6E6A /* KeyboardShortcuts in Frameworks */ = {isa = PBXBuildFile; productRef = 9F83A6802BAB6ACE004A6E6A /* KeyboardShortcuts */; };
		9F83A6832BAB6C41004A6E6A /* Constants.swift in Sources */ = {isa = PBXBuildFile; fileRef = 9F83A6822BAB6C41004A6E6A /* Constants.swift */; };
		9F9406CC2BC843CD003DB49E /* Assets.xcassets in Resources */ = {isa = PBXBuildFile; fileRef = 9F954AFE2B9F3BCE00A8D5FA /* Assets.xcassets */; };
		9F9406CD2BC843CD003DB49E /* Assets.xcassets in Resources */ = {isa = PBXBuildFile; fileRef = 9F954AFE2B9F3BCE00A8D5FA /* Assets.xcassets */; };
		9F954AFB2B9F3BCC00A8D5FA /* FocalApp.swift in Sources */ = {isa = PBXBuildFile; fileRef = 9F954AFA2B9F3BCC00A8D5FA /* FocalApp.swift */; };
		9F954AFD2B9F3BCC00A8D5FA /* TimerView.swift in Sources */ = {isa = PBXBuildFile; fileRef = 9F954AFC2B9F3BCC00A8D5FA /* TimerView.swift */; };
		9F954AFF2B9F3BCE00A8D5FA /* Assets.xcassets in Resources */ = {isa = PBXBuildFile; fileRef = 9F954AFE2B9F3BCE00A8D5FA /* Assets.xcassets */; };
		9F954B022B9F3BCE00A8D5FA /* Preview Assets.xcassets in Resources */ = {isa = PBXBuildFile; fileRef = 9F954B012B9F3BCE00A8D5FA /* Preview Assets.xcassets */; };
		9FA3AC3D2BAB91F700153923 /* Inter-VariableFont_slnt,wght.ttf in Resources */ = {isa = PBXBuildFile; fileRef = 9FA3AC3C2BAB91F700153923 /* Inter-VariableFont_slnt,wght.ttf */; };
		9FA3AC3E2BAB91F700153923 /* Inter-VariableFont_slnt,wght.ttf in Resources */ = {isa = PBXBuildFile; fileRef = 9FA3AC3C2BAB91F700153923 /* Inter-VariableFont_slnt,wght.ttf */; };
		9FAA45F32BC40F6D0002A537 /* SessionMarkers.swift in Sources */ = {isa = PBXBuildFile; fileRef = 9FAA45F22BC40F6D0002A537 /* SessionMarkers.swift */; };
		9FAA45F42BC40F6D0002A537 /* SessionMarkers.swift in Sources */ = {isa = PBXBuildFile; fileRef = 9FAA45F22BC40F6D0002A537 /* SessionMarkers.swift */; };
		9FAC11FC2BD002ED00BF18A4 /* NotificationManager.swift in Sources */ = {isa = PBXBuildFile; fileRef = 9FAC11FB2BD002ED00BF18A4 /* NotificationManager.swift */; };
		9FAC11FD2BD002ED00BF18A4 /* NotificationManager.swift in Sources */ = {isa = PBXBuildFile; fileRef = 9FAC11FB2BD002ED00BF18A4 /* NotificationManager.swift */; };
		9FB2207C2BB4B242007C722A /* SceneDelegate.swift in Sources */ = {isa = PBXBuildFile; fileRef = 9FB2207B2BB4B242007C722A /* SceneDelegate.swift */; };
		9FB39DFF2BA0B88F00B5A3F3 /* TimerViewModel.swift in Sources */ = {isa = PBXBuildFile; fileRef = 9FB39DFE2BA0B88F00B5A3F3 /* TimerViewModel.swift */; };
		9FB39E012BA0F54B00B5A3F3 /* AppMenu.swift in Sources */ = {isa = PBXBuildFile; fileRef = 9FB39E002BA0F54B00B5A3F3 /* AppMenu.swift */; };
		9FBC3BBC2BACCAA90012876D /* SettingsIcon.swift in Sources */ = {isa = PBXBuildFile; fileRef = 9FBC3BBB2BACCAA90012876D /* SettingsIcon.swift */; };
		9FC2957B2BCC073700825591 /* Credits.rtf in Resources */ = {isa = PBXBuildFile; fileRef = 9FC2957A2BCC073700825591 /* Credits.rtf */; };
		9FC2957C2BCC073700825591 /* Credits.rtf in Resources */ = {isa = PBXBuildFile; fileRef = 9FC2957A2BCC073700825591 /* Credits.rtf */; };
		9FD86AF12BA5D8DE00BBED1B /* MyButtonStyle.swift in Sources */ = {isa = PBXBuildFile; fileRef = 9FD86AF02BA5D8DE00BBED1B /* MyButtonStyle.swift */; };
		9FDB9E4E2BCD18E100E6BA19 /* Ding.wav in Resources */ = {isa = PBXBuildFile; fileRef = 9FDB9E462BCD18E100E6BA19 /* Ding.wav */; };
		9FDB9E4F2BCD18E100E6BA19 /* Ding.wav in Resources */ = {isa = PBXBuildFile; fileRef = 9FDB9E462BCD18E100E6BA19 /* Ding.wav */; };
		9FDB9E502BCD18E100E6BA19 /* Ding2.wav in Resources */ = {isa = PBXBuildFile; fileRef = 9FDB9E472BCD18E100E6BA19 /* Ding2.wav */; };
		9FDB9E512BCD18E100E6BA19 /* Ding2.wav in Resources */ = {isa = PBXBuildFile; fileRef = 9FDB9E472BCD18E100E6BA19 /* Ding2.wav */; };
		9FDB9E652BCD23CA00E6BA19 /* Suspended.wav in Resources */ = {isa = PBXBuildFile; fileRef = 9FDB9E5F2BCD23CA00E6BA19 /* Suspended.wav */; };
		9FDB9E662BCD23CA00E6BA19 /* Suspended.wav in Resources */ = {isa = PBXBuildFile; fileRef = 9FDB9E5F2BCD23CA00E6BA19 /* Suspended.wav */; };
		9FDB9E672BCD23CA00E6BA19 /* Arp.wav in Resources */ = {isa = PBXBuildFile; fileRef = 9FDB9E602BCD23CA00E6BA19 /* Arp.wav */; };
		9FDB9E682BCD23CA00E6BA19 /* Arp.wav in Resources */ = {isa = PBXBuildFile; fileRef = 9FDB9E602BCD23CA00E6BA19 /* Arp.wav */; };
		9FDB9E692BCD23CA00E6BA19 /* Bell.wav in Resources */ = {isa = PBXBuildFile; fileRef = 9FDB9E612BCD23CA00E6BA19 /* Bell.wav */; };
		9FDB9E6A2BCD23CA00E6BA19 /* Bell.wav in Resources */ = {isa = PBXBuildFile; fileRef = 9FDB9E612BCD23CA00E6BA19 /* Bell.wav */; };
		9FDB9E6B2BCD23CA00E6BA19 /* Fourths.wav in Resources */ = {isa = PBXBuildFile; fileRef = 9FDB9E622BCD23CA00E6BA19 /* Fourths.wav */; };
		9FDB9E6C2BCD23CA00E6BA19 /* Fourths.wav in Resources */ = {isa = PBXBuildFile; fileRef = 9FDB9E622BCD23CA00E6BA19 /* Fourths.wav */; };
		9FDB9E6D2BCD23CA00E6BA19 /* Buzz.wav in Resources */ = {isa = PBXBuildFile; fileRef = 9FDB9E632BCD23CA00E6BA19 /* Buzz.wav */; };
		9FDB9E6E2BCD23CA00E6BA19 /* Buzz.wav in Resources */ = {isa = PBXBuildFile; fileRef = 9FDB9E632BCD23CA00E6BA19 /* Buzz.wav */; };
		9FDB9E6F2BCD23CA00E6BA19 /* Home.wav in Resources */ = {isa = PBXBuildFile; fileRef = 9FDB9E642BCD23CA00E6BA19 /* Home.wav */; };
		9FDB9E702BCD23CA00E6BA19 /* Home.wav in Resources */ = {isa = PBXBuildFile; fileRef = 9FDB9E642BCD23CA00E6BA19 /* Home.wav */; };
		9FDB9E722BCD24E400E6BA19 /* NotificationSound.swift in Sources */ = {isa = PBXBuildFile; fileRef = 9FDB9E712BCD24E400E6BA19 /* NotificationSound.swift */; };
		9FDB9E732BCD24E400E6BA19 /* NotificationSound.swift in Sources */ = {isa = PBXBuildFile; fileRef = 9FDB9E712BCD24E400E6BA19 /* NotificationSound.swift */; };
		9FF3F14F2BCD2746004BC405 /* NotificationSound.swift in Sources */ = {isa = PBXBuildFile; fileRef = 9FDB9E712BCD24E400E6BA19 /* NotificationSound.swift */; };
		9FF6FCE92BD2773300E97D49 /* ConfettiSwiftUI in Frameworks */ = {isa = PBXBuildFile; productRef = 9FF6FCE82BD2773300E97D49 /* ConfettiSwiftUI */; };
		9FF6FCEB2BD2774100E97D49 /* ConfettiSwiftUI in Frameworks */ = {isa = PBXBuildFile; productRef = 9FF6FCEA2BD2774100E97D49 /* ConfettiSwiftUI */; };
/* End PBXBuildFile section */

/* Begin PBXContainerItemProxy section */
		9F30539D2BB5E9B8006B8090 /* PBXContainerItemProxy */ = {
			isa = PBXContainerItemProxy;
			containerPortal = 9F954AEF2B9F3BCC00A8D5FA /* Project object */;
			proxyType = 1;
			remoteGlobalIDString = 9F30538E2BB5E9B6006B8090;
			remoteInfo = TimerWidgetExtension;
		};
/* End PBXContainerItemProxy section */

/* Begin PBXCopyFilesBuildPhase section */
		9F3053A02BB5E9B8006B8090 /* Embed Foundation Extensions */ = {
			isa = PBXCopyFilesBuildPhase;
			buildActionMask = 8;
			dstPath = "";
			dstSubfolderSpec = 13;
			files = (
				9F30539F2BB5E9B8006B8090 /* TimerWidgetExtension.appex in Embed Foundation Extensions */,
			);
			name = "Embed Foundation Extensions";
			runOnlyForDeploymentPostprocessing = 1;
		};
/* End PBXCopyFilesBuildPhase section */

/* Begin PBXFileReference section */
		9F2DDEEA2BA491A000EBA413 /* TimerState.swift */ = {isa = PBXFileReference; lastKnownFileType = sourcecode.swift; path = TimerState.swift; sourceTree = "<group>"; };
		9F2DDEEE2BA4F1E900EBA413 /* Info.plist */ = {isa = PBXFileReference; lastKnownFileType = text.plist; path = Info.plist; sourceTree = "<group>"; };
		9F30538F2BB5E9B6006B8090 /* TimerWidgetExtension.appex */ = {isa = PBXFileReference; explicitFileType = "wrapper.app-extension"; includeInIndex = 0; path = TimerWidgetExtension.appex; sourceTree = BUILT_PRODUCTS_DIR; };
		9F3053912BB5E9B6006B8090 /* WidgetKit.framework */ = {isa = PBXFileReference; lastKnownFileType = wrapper.framework; name = WidgetKit.framework; path = System/Library/Frameworks/WidgetKit.framework; sourceTree = SDKROOT; };
		9F3053932BB5E9B6006B8090 /* SwiftUI.framework */ = {isa = PBXFileReference; lastKnownFileType = wrapper.framework; name = SwiftUI.framework; path = System/Library/Frameworks/SwiftUI.framework; sourceTree = SDKROOT; };
		9F3053962BB5E9B6006B8090 /* TimerWidgetBundle.swift */ = {isa = PBXFileReference; lastKnownFileType = sourcecode.swift; path = TimerWidgetBundle.swift; sourceTree = "<group>"; };
		9F3053982BB5E9B6006B8090 /* TimerWidget.swift */ = {isa = PBXFileReference; lastKnownFileType = sourcecode.swift; path = TimerWidget.swift; sourceTree = "<group>"; };
		9F30539A2BB5E9B8006B8090 /* Assets.xcassets */ = {isa = PBXFileReference; lastKnownFileType = folder.assetcatalog; path = Assets.xcassets; sourceTree = "<group>"; };
		9F30539C2BB5E9B8006B8090 /* Info.plist */ = {isa = PBXFileReference; lastKnownFileType = text.plist.xml; path = Info.plist; sourceTree = "<group>"; };
		9F3053A72BB71267006B8090 /* Focal iOS.entitlements */ = {isa = PBXFileReference; lastKnownFileType = text.plist.entitlements; path = "Focal iOS.entitlements"; sourceTree = "<group>"; };
		9F3053A82BB714F9006B8090 /* TimerWidgetExtension.entitlements */ = {isa = PBXFileReference; lastKnownFileType = text.plist.entitlements; path = TimerWidgetExtension.entitlements; sourceTree = "<group>"; };
		9F52B8FF2BB330F100410E1C /* SettingsView.swift */ = {isa = PBXFileReference; lastKnownFileType = sourcecode.swift; path = SettingsView.swift; sourceTree = "<group>"; };
		9F52B9012BB3322700410E1C /* SettingsManager.swift */ = {isa = PBXFileReference; lastKnownFileType = sourcecode.swift; path = SettingsManager.swift; sourceTree = "<group>"; };
		9F5D33E72BA9B9D30049100C /* Focal iOS.app */ = {isa = PBXFileReference; explicitFileType = wrapper.application; includeInIndex = 0; path = "Focal iOS.app"; sourceTree = BUILT_PRODUCTS_DIR; };
		9F5D33E92BA9B9D40049100C /* Focal_iOSApp.swift */ = {isa = PBXFileReference; lastKnownFileType = sourcecode.swift; path = Focal_iOSApp.swift; sourceTree = "<group>"; };
		9F5D33ED2BA9B9D50049100C /* Assets.xcassets */ = {isa = PBXFileReference; lastKnownFileType = folder.assetcatalog; path = Assets.xcassets; sourceTree = "<group>"; };
		9F5D33F02BA9B9D50049100C /* Preview Assets.xcassets */ = {isa = PBXFileReference; lastKnownFileType = folder.assetcatalog; path = "Preview Assets.xcassets"; sourceTree = "<group>"; };
		9F5D34042BAA080D0049100C /* AppDelegate.swift */ = {isa = PBXFileReference; lastKnownFileType = sourcecode.swift; path = AppDelegate.swift; sourceTree = "<group>"; };
		9F5D34072BAA0AC40049100C /* NotificationDelegate.swift */ = {isa = PBXFileReference; lastKnownFileType = sourcecode.swift; path = NotificationDelegate.swift; sourceTree = "<group>"; };
		9F64DF2B2BD13E8C005C4C0A /* SkipButton.swift */ = {isa = PBXFileReference; lastKnownFileType = sourcecode.swift; path = SkipButton.swift; sourceTree = "<group>"; };
		9F6D48DA2BB59A0300FB7D23 /* AppDelegate.swift */ = {isa = PBXFileReference; lastKnownFileType = sourcecode.swift; path = AppDelegate.swift; sourceTree = "<group>"; };
		9F82EF2D2D18B92C007A452A /* EditableTimerLabel.swift */ = {isa = PBXFileReference; lastKnownFileType = sourcecode.swift; path = EditableTimerLabel.swift; sourceTree = "<group>"; };
		9F83A67C2BAB5742004A6E6A /* SettingsView.swift */ = {isa = PBXFileReference; lastKnownFileType = sourcecode.swift; path = SettingsView.swift; sourceTree = "<group>"; };
		9F83A6822BAB6C41004A6E6A /* Constants.swift */ = {isa = PBXFileReference; lastKnownFileType = sourcecode.swift; path = Constants.swift; sourceTree = "<group>"; };
		9F954AF72B9F3BCC00A8D5FA /* Focal.app */ = {isa = PBXFileReference; explicitFileType = wrapper.application; includeInIndex = 0; path = Focal.app; sourceTree = BUILT_PRODUCTS_DIR; };
		9F954AFA2B9F3BCC00A8D5FA /* FocalApp.swift */ = {isa = PBXFileReference; lastKnownFileType = sourcecode.swift; path = FocalApp.swift; sourceTree = "<group>"; };
		9F954AFC2B9F3BCC00A8D5FA /* TimerView.swift */ = {isa = PBXFileReference; lastKnownFileType = sourcecode.swift; path = TimerView.swift; sourceTree = "<group>"; };
		9F954AFE2B9F3BCE00A8D5FA /* Assets.xcassets */ = {isa = PBXFileReference; lastKnownFileType = folder.assetcatalog; path = Assets.xcassets; sourceTree = "<group>"; };
		9F954B012B9F3BCE00A8D5FA /* Preview Assets.xcassets */ = {isa = PBXFileReference; lastKnownFileType = folder.assetcatalog; path = "Preview Assets.xcassets"; sourceTree = "<group>"; };
		9F954B032B9F3BCE00A8D5FA /* Focal.entitlements */ = {isa = PBXFileReference; lastKnownFileType = text.plist.entitlements; path = Focal.entitlements; sourceTree = "<group>"; };
		9FA3AC3C2BAB91F700153923 /* Inter-VariableFont_slnt,wght.ttf */ = {isa = PBXFileReference; lastKnownFileType = file; path = "Inter-VariableFont_slnt,wght.ttf"; sourceTree = "<group>"; };
		9FAA45F22BC40F6D0002A537 /* SessionMarkers.swift */ = {isa = PBXFileReference; lastKnownFileType = sourcecode.swift; path = SessionMarkers.swift; sourceTree = "<group>"; };
		9FAC11FB2BD002ED00BF18A4 /* NotificationManager.swift */ = {isa = PBXFileReference; lastKnownFileType = sourcecode.swift; path = NotificationManager.swift; sourceTree = "<group>"; };
		9FB2207B2BB4B242007C722A /* SceneDelegate.swift */ = {isa = PBXFileReference; lastKnownFileType = sourcecode.swift; path = SceneDelegate.swift; sourceTree = "<group>"; };
		9FB39DFE2BA0B88F00B5A3F3 /* TimerViewModel.swift */ = {isa = PBXFileReference; lastKnownFileType = sourcecode.swift; path = TimerViewModel.swift; sourceTree = "<group>"; };
		9FB39E002BA0F54B00B5A3F3 /* AppMenu.swift */ = {isa = PBXFileReference; lastKnownFileType = sourcecode.swift; path = AppMenu.swift; sourceTree = "<group>"; };
		9FBC3BBB2BACCAA90012876D /* SettingsIcon.swift */ = {isa = PBXFileReference; lastKnownFileType = sourcecode.swift; name = SettingsIcon.swift; path = "Focal iOS/SettingsIcon.swift"; sourceTree = "<group>"; };
		9FC2957A2BCC073700825591 /* Credits.rtf */ = {isa = PBXFileReference; lastKnownFileType = text.rtf; path = Credits.rtf; sourceTree = "<group>"; };
		9FD86AF02BA5D8DE00BBED1B /* MyButtonStyle.swift */ = {isa = PBXFileReference; lastKnownFileType = sourcecode.swift; path = MyButtonStyle.swift; sourceTree = "<group>"; };
		9FDB9E462BCD18E100E6BA19 /* Ding.wav */ = {isa = PBXFileReference; lastKnownFileType = audio.wav; path = Ding.wav; sourceTree = "<group>"; };
		9FDB9E472BCD18E100E6BA19 /* Ding2.wav */ = {isa = PBXFileReference; lastKnownFileType = audio.wav; path = Ding2.wav; sourceTree = "<group>"; };
		9FDB9E5F2BCD23CA00E6BA19 /* Suspended.wav */ = {isa = PBXFileReference; lastKnownFileType = audio.wav; path = Suspended.wav; sourceTree = "<group>"; };
		9FDB9E602BCD23CA00E6BA19 /* Arp.wav */ = {isa = PBXFileReference; lastKnownFileType = audio.wav; path = Arp.wav; sourceTree = "<group>"; };
		9FDB9E612BCD23CA00E6BA19 /* Bell.wav */ = {isa = PBXFileReference; lastKnownFileType = audio.wav; path = Bell.wav; sourceTree = "<group>"; };
		9FDB9E622BCD23CA00E6BA19 /* Fourths.wav */ = {isa = PBXFileReference; lastKnownFileType = audio.wav; path = Fourths.wav; sourceTree = "<group>"; };
		9FDB9E632BCD23CA00E6BA19 /* Buzz.wav */ = {isa = PBXFileReference; lastKnownFileType = audio.wav; path = Buzz.wav; sourceTree = "<group>"; };
		9FDB9E642BCD23CA00E6BA19 /* Home.wav */ = {isa = PBXFileReference; lastKnownFileType = audio.wav; path = Home.wav; sourceTree = "<group>"; };
		9FDB9E712BCD24E400E6BA19 /* NotificationSound.swift */ = {isa = PBXFileReference; lastKnownFileType = sourcecode.swift; path = NotificationSound.swift; sourceTree = "<group>"; };
/* End PBXFileReference section */

/* Begin PBXFrameworksBuildPhase section */
		9F30538C2BB5E9B6006B8090 /* Frameworks */ = {
			isa = PBXFrameworksBuildPhase;
			buildActionMask = 2147483647;
			files = (
				9F3053942BB5E9B6006B8090 /* SwiftUI.framework in Frameworks */,
				9F3053922BB5E9B6006B8090 /* WidgetKit.framework in Frameworks */,
			);
			runOnlyForDeploymentPostprocessing = 0;
		};
		9F5D33E42BA9B9D30049100C /* Frameworks */ = {
			isa = PBXFrameworksBuildPhase;
			buildActionMask = 2147483647;
			files = (
				9FF6FCEB2BD2774100E97D49 /* ConfettiSwiftUI in Frameworks */,
			);
			runOnlyForDeploymentPostprocessing = 0;
		};
		9F954AF42B9F3BCC00A8D5FA /* Frameworks */ = {
			isa = PBXFrameworksBuildPhase;
			buildActionMask = 2147483647;
			files = (
				9FF6FCE92BD2773300E97D49 /* ConfettiSwiftUI in Frameworks */,
				9F83A6812BAB6ACE004A6E6A /* KeyboardShortcuts in Frameworks */,
			);
			runOnlyForDeploymentPostprocessing = 0;
		};
/* End PBXFrameworksBuildPhase section */

/* Begin PBXGroup section */
		9F3053902BB5E9B6006B8090 /* Frameworks */ = {
			isa = PBXGroup;
			children = (
				9F3053912BB5E9B6006B8090 /* WidgetKit.framework */,
				9F3053932BB5E9B6006B8090 /* SwiftUI.framework */,
			);
			name = Frameworks;
			sourceTree = "<group>";
		};
		9F3053952BB5E9B6006B8090 /* TimerWidget */ = {
			isa = PBXGroup;
			children = (
				9F3053962BB5E9B6006B8090 /* TimerWidgetBundle.swift */,
				9F3053982BB5E9B6006B8090 /* TimerWidget.swift */,
				9F30539A2BB5E9B8006B8090 /* Assets.xcassets */,
				9F30539C2BB5E9B8006B8090 /* Info.plist */,
			);
			path = TimerWidget;
			sourceTree = "<group>";
		};
		9F5D33E82BA9B9D40049100C /* Focal iOS */ = {
			isa = PBXGroup;
			children = (
				9F3053A72BB71267006B8090 /* Focal iOS.entitlements */,
				9F52B8FF2BB330F100410E1C /* SettingsView.swift */,
				9FB2207B2BB4B242007C722A /* SceneDelegate.swift */,
				9F6D48DA2BB59A0300FB7D23 /* AppDelegate.swift */,
				9F5D34072BAA0AC40049100C /* NotificationDelegate.swift */,
				9F5D33E92BA9B9D40049100C /* Focal_iOSApp.swift */,
				9F5D33ED2BA9B9D50049100C /* Assets.xcassets */,
				9F5D33EF2BA9B9D50049100C /* Preview Content */,
			);
			path = "Focal iOS";
			sourceTree = "<group>";
		};
		9F5D33EF2BA9B9D50049100C /* Preview Content */ = {
			isa = PBXGroup;
			children = (
				9F5D33F02BA9B9D50049100C /* Preview Assets.xcassets */,
			);
			path = "Preview Content";
			sourceTree = "<group>";
		};
		9F954AEE2B9F3BCC00A8D5FA = {
			isa = PBXGroup;
			children = (
				9F82EF2D2D18B92C007A452A /* EditableTimerLabel.swift */,
				9F64DF2B2BD13E8C005C4C0A /* SkipButton.swift */,
				9FAC11FB2BD002ED00BF18A4 /* NotificationManager.swift */,
				9FDB9E712BCD24E400E6BA19 /* NotificationSound.swift */,
				9FDB9E4D2BCD18E100E6BA19 /* Sounds */,
				9FAA45F22BC40F6D0002A537 /* SessionMarkers.swift */,
				9FC2957A2BCC073700825591 /* Credits.rtf */,
				9F3053A82BB714F9006B8090 /* TimerWidgetExtension.entitlements */,
				9F52B9012BB3322700410E1C /* SettingsManager.swift */,
				9FBC3BBB2BACCAA90012876D /* SettingsIcon.swift */,
				9FA3AC3C2BAB91F700153923 /* Inter-VariableFont_slnt,wght.ttf */,
				9F83A6822BAB6C41004A6E6A /* Constants.swift */,
				9FB39DFE2BA0B88F00B5A3F3 /* TimerViewModel.swift */,
				9F2DDEEA2BA491A000EBA413 /* TimerState.swift */,
				9F954AFC2B9F3BCC00A8D5FA /* TimerView.swift */,
				9FD86AF02BA5D8DE00BBED1B /* MyButtonStyle.swift */,
				9F954AF92B9F3BCC00A8D5FA /* Focal */,
				9F5D33E82BA9B9D40049100C /* Focal iOS */,
				9F3053952BB5E9B6006B8090 /* TimerWidget */,
				9F3053902BB5E9B6006B8090 /* Frameworks */,
				9F954AF82B9F3BCC00A8D5FA /* Products */,
			);
			sourceTree = "<group>";
		};
		9F954AF82B9F3BCC00A8D5FA /* Products */ = {
			isa = PBXGroup;
			children = (
				9F954AF72B9F3BCC00A8D5FA /* Focal.app */,
				9F5D33E72BA9B9D30049100C /* Focal iOS.app */,
				9F30538F2BB5E9B6006B8090 /* TimerWidgetExtension.appex */,
			);
			name = Products;
			sourceTree = "<group>";
		};
		9F954AF92B9F3BCC00A8D5FA /* Focal */ = {
			isa = PBXGroup;
			children = (
				9F83A67C2BAB5742004A6E6A /* SettingsView.swift */,
				9F5D34042BAA080D0049100C /* AppDelegate.swift */,
				9F2DDEEE2BA4F1E900EBA413 /* Info.plist */,
				9F954AFA2B9F3BCC00A8D5FA /* FocalApp.swift */,
				9FB39E002BA0F54B00B5A3F3 /* AppMenu.swift */,
				9F954AFE2B9F3BCE00A8D5FA /* Assets.xcassets */,
				9F954B032B9F3BCE00A8D5FA /* Focal.entitlements */,
				9F954B002B9F3BCE00A8D5FA /* Preview Content */,
			);
			path = Focal;
			sourceTree = "<group>";
		};
		9F954B002B9F3BCE00A8D5FA /* Preview Content */ = {
			isa = PBXGroup;
			children = (
				9F954B012B9F3BCE00A8D5FA /* Preview Assets.xcassets */,
			);
			path = "Preview Content";
			sourceTree = "<group>";
		};
		9FDB9E4D2BCD18E100E6BA19 /* Sounds */ = {
			isa = PBXGroup;
			children = (
				9FDB9E602BCD23CA00E6BA19 /* Arp.wav */,
				9FDB9E612BCD23CA00E6BA19 /* Bell.wav */,
				9FDB9E632BCD23CA00E6BA19 /* Buzz.wav */,
				9FDB9E462BCD18E100E6BA19 /* Ding.wav */,
				9FDB9E472BCD18E100E6BA19 /* Ding2.wav */,
				9FDB9E622BCD23CA00E6BA19 /* Fourths.wav */,
				9FDB9E642BCD23CA00E6BA19 /* Home.wav */,
				9FDB9E5F2BCD23CA00E6BA19 /* Suspended.wav */,
			);
			path = Sounds;
			sourceTree = "<group>";
		};
/* End PBXGroup section */

/* Begin PBXNativeTarget section */
		9F30538E2BB5E9B6006B8090 /* TimerWidgetExtension */ = {
			isa = PBXNativeTarget;
			buildConfigurationList = 9F3053A32BB5E9B8006B8090 /* Build configuration list for PBXNativeTarget "TimerWidgetExtension" */;
			buildPhases = (
				9F30538B2BB5E9B6006B8090 /* Sources */,
				9F30538C2BB5E9B6006B8090 /* Frameworks */,
				9F30538D2BB5E9B6006B8090 /* Resources */,
			);
			buildRules = (
			);
			dependencies = (
			);
			name = TimerWidgetExtension;
			productName = TimerWidgetExtension;
			productReference = 9F30538F2BB5E9B6006B8090 /* TimerWidgetExtension.appex */;
			productType = "com.apple.product-type.app-extension";
		};
		9F5D33E62BA9B9D30049100C /* Focal iOS */ = {
			isa = PBXNativeTarget;
			buildConfigurationList = 9F5D33F42BA9B9D50049100C /* Build configuration list for PBXNativeTarget "Focal iOS" */;
			buildPhases = (
				9F5D33E32BA9B9D30049100C /* Sources */,
				9F5D33E42BA9B9D30049100C /* Frameworks */,
				9F5D33E52BA9B9D30049100C /* Resources */,
				9F3053A02BB5E9B8006B8090 /* Embed Foundation Extensions */,
			);
			buildRules = (
			);
			dependencies = (
				9F30539E2BB5E9B8006B8090 /* PBXTargetDependency */,
			);
			name = "Focal iOS";
			packageProductDependencies = (
				9FF6FCEA2BD2774100E97D49 /* ConfettiSwiftUI */,
			);
			productName = "Focal iOS";
			productReference = 9F5D33E72BA9B9D30049100C /* Focal iOS.app */;
			productType = "com.apple.product-type.application";
		};
		9F954AF62B9F3BCC00A8D5FA /* Focal */ = {
			isa = PBXNativeTarget;
			buildConfigurationList = 9F954B062B9F3BCE00A8D5FA /* Build configuration list for PBXNativeTarget "Focal" */;
			buildPhases = (
				9F954AF32B9F3BCC00A8D5FA /* Sources */,
				9F954AF42B9F3BCC00A8D5FA /* Frameworks */,
				9F954AF52B9F3BCC00A8D5FA /* Resources */,
			);
			buildRules = (
			);
			dependencies = (
			);
			name = Focal;
			packageProductDependencies = (
				9F83A6802BAB6ACE004A6E6A /* KeyboardShortcuts */,
				9FF6FCE82BD2773300E97D49 /* ConfettiSwiftUI */,
			);
			productName = Focal;
			productReference = 9F954AF72B9F3BCC00A8D5FA /* Focal.app */;
			productType = "com.apple.product-type.application";
		};
/* End PBXNativeTarget section */

/* Begin PBXProject section */
		9F954AEF2B9F3BCC00A8D5FA /* Project object */ = {
			isa = PBXProject;
			attributes = {
				BuildIndependentTargetsInParallel = 1;
				LastSwiftUpdateCheck = 1530;
				LastUpgradeCheck = 1530;
				TargetAttributes = {
					9F30538E2BB5E9B6006B8090 = {
						CreatedOnToolsVersion = 15.3;
					};
					9F5D33E62BA9B9D30049100C = {
						CreatedOnToolsVersion = 15.3;
					};
					9F954AF62B9F3BCC00A8D5FA = {
						CreatedOnToolsVersion = 15.3;
					};
				};
			};
			buildConfigurationList = 9F954AF22B9F3BCC00A8D5FA /* Build configuration list for PBXProject "Focal" */;
			compatibilityVersion = "Xcode 14.0";
			developmentRegion = en;
			hasScannedForEncodings = 0;
			knownRegions = (
				en,
				Base,
			);
			mainGroup = 9F954AEE2B9F3BCC00A8D5FA;
			packageReferences = (
				9F83A67F2BAB6ACE004A6E6A /* XCRemoteSwiftPackageReference "KeyboardShortcuts" */,
				9F0367B82BD2761900863D03 /* XCRemoteSwiftPackageReference "ConfettiSwiftUI" */,
			);
			productRefGroup = 9F954AF82B9F3BCC00A8D5FA /* Products */;
			projectDirPath = "";
			projectRoot = "";
			targets = (
				9F954AF62B9F3BCC00A8D5FA /* Focal */,
				9F5D33E62BA9B9D30049100C /* Focal iOS */,
				9F30538E2BB5E9B6006B8090 /* TimerWidgetExtension */,
			);
		};
/* End PBXProject section */

/* Begin PBXResourcesBuildPhase section */
		9F30538D2BB5E9B6006B8090 /* Resources */ = {
			isa = PBXResourcesBuildPhase;
			buildActionMask = 2147483647;
			files = (
				9F9406CD2BC843CD003DB49E /* Assets.xcassets in Resources */,
				9F30539B2BB5E9B8006B8090 /* Assets.xcassets in Resources */,
			);
			runOnlyForDeploymentPostprocessing = 0;
		};
		9F5D33E52BA9B9D30049100C /* Resources */ = {
			isa = PBXResourcesBuildPhase;
			buildActionMask = 2147483647;
			files = (
				9FC2957C2BCC073700825591 /* Credits.rtf in Resources */,
				9FDB9E6A2BCD23CA00E6BA19 /* Bell.wav in Resources */,
				9F5D33F12BA9B9D50049100C /* Preview Assets.xcassets in Resources */,
				9FA3AC3E2BAB91F700153923 /* Inter-VariableFont_slnt,wght.ttf in Resources */,
				9FDB9E702BCD23CA00E6BA19 /* Home.wav in Resources */,
				9FDB9E682BCD23CA00E6BA19 /* Arp.wav in Resources */,
				9F9406CC2BC843CD003DB49E /* Assets.xcassets in Resources */,
				9FDB9E662BCD23CA00E6BA19 /* Suspended.wav in Resources */,
				9FDB9E6E2BCD23CA00E6BA19 /* Buzz.wav in Resources */,
				9F5D33EE2BA9B9D50049100C /* Assets.xcassets in Resources */,
				9FDB9E6C2BCD23CA00E6BA19 /* Fourths.wav in Resources */,
				9FDB9E512BCD18E100E6BA19 /* Ding2.wav in Resources */,
				9FDB9E4F2BCD18E100E6BA19 /* Ding.wav in Resources */,
			);
			runOnlyForDeploymentPostprocessing = 0;
		};
		9F954AF52B9F3BCC00A8D5FA /* Resources */ = {
			isa = PBXResourcesBuildPhase;
			buildActionMask = 2147483647;
			files = (
				9FDB9E502BCD18E100E6BA19 /* Ding2.wav in Resources */,
				9FDB9E6F2BCD23CA00E6BA19 /* Home.wav in Resources */,
				9FA3AC3D2BAB91F700153923 /* Inter-VariableFont_slnt,wght.ttf in Resources */,
				9F954B022B9F3BCE00A8D5FA /* Preview Assets.xcassets in Resources */,
				9FDB9E652BCD23CA00E6BA19 /* Suspended.wav in Resources */,
				9FDB9E692BCD23CA00E6BA19 /* Bell.wav in Resources */,
				9F954AFF2B9F3BCE00A8D5FA /* Assets.xcassets in Resources */,
				9FDB9E4E2BCD18E100E6BA19 /* Ding.wav in Resources */,
				9FDB9E672BCD23CA00E6BA19 /* Arp.wav in Resources */,
				9FDB9E6B2BCD23CA00E6BA19 /* Fourths.wav in Resources */,
				9FDB9E6D2BCD23CA00E6BA19 /* Buzz.wav in Resources */,
				9FC2957B2BCC073700825591 /* Credits.rtf in Resources */,
			);
			runOnlyForDeploymentPostprocessing = 0;
		};
/* End PBXResourcesBuildPhase section */

/* Begin PBXSourcesBuildPhase section */
		9F30538B2BB5E9B6006B8090 /* Sources */ = {
			isa = PBXSourcesBuildPhase;
			buildActionMask = 2147483647;
			files = (
				9F3053972BB5E9B6006B8090 /* TimerWidgetBundle.swift in Sources */,
				9FF3F14F2BCD2746004BC405 /* NotificationSound.swift in Sources */,
				9F3053A62BB6ED8F006B8090 /* SettingsManager.swift in Sources */,
				9F3053A52BB6ED7F006B8090 /* TimerState.swift in Sources */,
				9F3053992BB5E9B6006B8090 /* TimerWidget.swift in Sources */,
				9F3053AA2BB764D3006B8090 /* Constants.swift in Sources */,
			);
			runOnlyForDeploymentPostprocessing = 0;
		};
		9F5D33E32BA9B9D30049100C /* Sources */ = {
			isa = PBXSourcesBuildPhase;
			buildActionMask = 2147483647;
			files = (
				9F6D48DB2BB59A0300FB7D23 /* AppDelegate.swift in Sources */,
				9F5D34082BAA0AC40049100C /* NotificationDelegate.swift in Sources */,
				9FAA45F42BC40F6D0002A537 /* SessionMarkers.swift in Sources */,
				9F5D33FF2BA9BE560049100C /* TimerView.swift in Sources */,
				9F5D34002BA9BE6A0049100C /* MyButtonStyle.swift in Sources */,
				9F5D33FE2BA9BE500049100C /* TimerState.swift in Sources */,
				9F52B9002BB330F100410E1C /* SettingsView.swift in Sources */,
				9F52B9032BB3322700410E1C /* SettingsManager.swift in Sources */,
				9FDB9E732BCD24E400E6BA19 /* NotificationSound.swift in Sources */,
				9F82EF2E2D18B92C007A452A /* EditableTimerLabel.swift in Sources */,
				9F3053A92BB7644C006B8090 /* Constants.swift in Sources */,
				9FB2207C2BB4B242007C722A /* SceneDelegate.swift in Sources */,
				9F5D33FD2BA9BE440049100C /* TimerViewModel.swift in Sources */,
				9FAC11FD2BD002ED00BF18A4 /* NotificationManager.swift in Sources */,
				9FBC3BBC2BACCAA90012876D /* SettingsIcon.swift in Sources */,
				9F64DF2D2BD13E8C005C4C0A /* SkipButton.swift in Sources */,
				9F5D33EA2BA9B9D40049100C /* Focal_iOSApp.swift in Sources */,
			);
			runOnlyForDeploymentPostprocessing = 0;
		};
		9F954AF32B9F3BCC00A8D5FA /* Sources */ = {
			isa = PBXSourcesBuildPhase;
			buildActionMask = 2147483647;
			files = (
				9FAA45F32BC40F6D0002A537 /* SessionMarkers.swift in Sources */,
				9F5D34052BAA080D0049100C /* AppDelegate.swift in Sources */,
				9F954AFD2B9F3BCC00A8D5FA /* TimerView.swift in Sources */,
				9FD86AF12BA5D8DE00BBED1B /* MyButtonStyle.swift in Sources */,
				9F83A67D2BAB5742004A6E6A /* SettingsView.swift in Sources */,
				9FB39DFF2BA0B88F00B5A3F3 /* TimerViewModel.swift in Sources */,
				9F64DF2C2BD13E8C005C4C0A /* SkipButton.swift in Sources */,
				9FAC11FC2BD002ED00BF18A4 /* NotificationManager.swift in Sources */,
				9FDB9E722BCD24E400E6BA19 /* NotificationSound.swift in Sources */,
				9F83A6832BAB6C41004A6E6A /* Constants.swift in Sources */,
				9FB39E012BA0F54B00B5A3F3 /* AppMenu.swift in Sources */,
				9F52B9022BB3322700410E1C /* SettingsManager.swift in Sources */,
				9F82EF2F2D18B92C007A452A /* EditableTimerLabel.swift in Sources */,
				9F2DDEEB2BA491A000EBA413 /* TimerState.swift in Sources */,
				9F954AFB2B9F3BCC00A8D5FA /* FocalApp.swift in Sources */,
			);
			runOnlyForDeploymentPostprocessing = 0;
		};
/* End PBXSourcesBuildPhase section */

/* Begin PBXTargetDependency section */
		9F30539E2BB5E9B8006B8090 /* PBXTargetDependency */ = {
			isa = PBXTargetDependency;
			target = 9F30538E2BB5E9B6006B8090 /* TimerWidgetExtension */;
			targetProxy = 9F30539D2BB5E9B8006B8090 /* PBXContainerItemProxy */;
		};
/* End PBXTargetDependency section */

/* Begin XCBuildConfiguration section */
		9F3053A12BB5E9B8006B8090 /* Debug */ = {
			isa = XCBuildConfiguration;
			buildSettings = {
				ASSETCATALOG_COMPILER_GLOBAL_ACCENT_COLOR_NAME = AccentColor;
				ASSETCATALOG_COMPILER_WIDGET_BACKGROUND_COLOR_NAME = WidgetBackground;
				CODE_SIGN_ENTITLEMENTS = TimerWidgetExtension.entitlements;
				CODE_SIGN_STYLE = Automatic;
				CURRENT_PROJECT_VERSION = 1;
				DEVELOPMENT_TEAM = 335PJS6A82;
				GENERATE_INFOPLIST_FILE = YES;
				INFOPLIST_FILE = TimerWidget/Info.plist;
				INFOPLIST_KEY_CFBundleDisplayName = TimerWidget;
				INFOPLIST_KEY_NSHumanReadableCopyright = "";
				IPHONEOS_DEPLOYMENT_TARGET = 16.0;
				LD_RUNPATH_SEARCH_PATHS = (
					"$(inherited)",
					"@executable_path/Frameworks",
					"@executable_path/../../Frameworks",
				);
				MARKETING_VERSION = 1.0;
				PRODUCT_BUNDLE_IDENTIFIER = "niekvdpas.Focal-iOS.TimerWidget";
				PRODUCT_NAME = "$(TARGET_NAME)";
				SDKROOT = iphoneos;
				SKIP_INSTALL = YES;
				SWIFT_EMIT_LOC_STRINGS = YES;
				SWIFT_VERSION = 5.0;
				TARGETED_DEVICE_FAMILY = "1,2";
			};
			name = Debug;
		};
		9F3053A22BB5E9B8006B8090 /* Release */ = {
			isa = XCBuildConfiguration;
			buildSettings = {
				ASSETCATALOG_COMPILER_GLOBAL_ACCENT_COLOR_NAME = AccentColor;
				ASSETCATALOG_COMPILER_WIDGET_BACKGROUND_COLOR_NAME = WidgetBackground;
				CODE_SIGN_ENTITLEMENTS = TimerWidgetExtension.entitlements;
				CODE_SIGN_STYLE = Automatic;
				CURRENT_PROJECT_VERSION = 1;
				DEVELOPMENT_TEAM = 335PJS6A82;
				GENERATE_INFOPLIST_FILE = YES;
				INFOPLIST_FILE = TimerWidget/Info.plist;
				INFOPLIST_KEY_CFBundleDisplayName = TimerWidget;
				INFOPLIST_KEY_NSHumanReadableCopyright = "";
				IPHONEOS_DEPLOYMENT_TARGET = 16.0;
				LD_RUNPATH_SEARCH_PATHS = (
					"$(inherited)",
					"@executable_path/Frameworks",
					"@executable_path/../../Frameworks",
				);
				MARKETING_VERSION = 1.0;
				PRODUCT_BUNDLE_IDENTIFIER = "niekvdpas.Focal-iOS.TimerWidget";
				PRODUCT_NAME = "$(TARGET_NAME)";
				SDKROOT = iphoneos;
				SKIP_INSTALL = YES;
				SWIFT_EMIT_LOC_STRINGS = YES;
				SWIFT_VERSION = 5.0;
				TARGETED_DEVICE_FAMILY = "1,2";
				VALIDATE_PRODUCT = YES;
			};
			name = Release;
		};
		9F5D33F22BA9B9D50049100C /* Debug */ = {
			isa = XCBuildConfiguration;
			buildSettings = {
				ALWAYS_EMBED_SWIFT_STANDARD_LIBRARIES = YES;
				ASSETCATALOG_COMPILER_APPICON_NAME = AppIcon;
				ASSETCATALOG_COMPILER_GLOBAL_ACCENT_COLOR_NAME = AccentColor;
				CODE_SIGN_ENTITLEMENTS = "Focal iOS/Focal iOS.entitlements";
				CODE_SIGN_IDENTITY = "Apple Development";
				CODE_SIGN_STYLE = Automatic;
				CURRENT_PROJECT_VERSION = 1;
				DEVELOPMENT_ASSET_PATHS = "\"Focal iOS/Preview Content\"";
				DEVELOPMENT_TEAM = 335PJS6A82;
				ENABLE_PREVIEWS = YES;
				GENERATE_INFOPLIST_FILE = YES;
				INFOPLIST_KEY_CFBundleDisplayName = Focal;
				INFOPLIST_KEY_UIApplicationSceneManifest_Generation = YES;
				INFOPLIST_KEY_UIApplicationSupportsIndirectInputEvents = YES;
				INFOPLIST_KEY_UILaunchScreen_Generation = YES;
				INFOPLIST_KEY_UISupportedInterfaceOrientations_iPad = "UIInterfaceOrientationPortrait UIInterfaceOrientationPortraitUpsideDown UIInterfaceOrientationLandscapeLeft UIInterfaceOrientationLandscapeRight";
				INFOPLIST_KEY_UISupportedInterfaceOrientations_iPhone = "UIInterfaceOrientationPortrait UIInterfaceOrientationLandscapeLeft UIInterfaceOrientationLandscapeRight";
				IPHONEOS_DEPLOYMENT_TARGET = 16.0;
				LD_RUNPATH_SEARCH_PATHS = (
					"$(inherited)",
					"@executable_path/Frameworks",
				);
				MARKETING_VERSION = 1.0;
				PRODUCT_BUNDLE_IDENTIFIER = "niekvdpas.Focal-iOS2024";
				PRODUCT_NAME = "$(TARGET_NAME)";
				PROVISIONING_PROFILE_SPECIFIER = "";
				SDKROOT = iphoneos;
				SWIFT_EMIT_LOC_STRINGS = YES;
				SWIFT_VERSION = 5.0;
				TARGETED_DEVICE_FAMILY = "1,2";
			};
			name = Debug;
		};
		9F5D33F32BA9B9D50049100C /* Release */ = {
			isa = XCBuildConfiguration;
			buildSettings = {
				ALWAYS_EMBED_SWIFT_STANDARD_LIBRARIES = YES;
				ASSETCATALOG_COMPILER_APPICON_NAME = AppIcon;
				ASSETCATALOG_COMPILER_GLOBAL_ACCENT_COLOR_NAME = AccentColor;
				CODE_SIGN_ENTITLEMENTS = "Focal iOS/Focal iOS.entitlements";
				CODE_SIGN_IDENTITY = "Apple Development";
				CODE_SIGN_STYLE = Automatic;
				CURRENT_PROJECT_VERSION = 1;
				DEVELOPMENT_ASSET_PATHS = "\"Focal iOS/Preview Content\"";
				DEVELOPMENT_TEAM = 335PJS6A82;
				ENABLE_PREVIEWS = YES;
				GENERATE_INFOPLIST_FILE = YES;
				INFOPLIST_KEY_CFBundleDisplayName = Focal;
				INFOPLIST_KEY_UIApplicationSceneManifest_Generation = YES;
				INFOPLIST_KEY_UIApplicationSupportsIndirectInputEvents = YES;
				INFOPLIST_KEY_UILaunchScreen_Generation = YES;
				INFOPLIST_KEY_UISupportedInterfaceOrientations_iPad = "UIInterfaceOrientationPortrait UIInterfaceOrientationPortraitUpsideDown UIInterfaceOrientationLandscapeLeft UIInterfaceOrientationLandscapeRight";
				INFOPLIST_KEY_UISupportedInterfaceOrientations_iPhone = "UIInterfaceOrientationPortrait UIInterfaceOrientationLandscapeLeft UIInterfaceOrientationLandscapeRight";
				IPHONEOS_DEPLOYMENT_TARGET = 16.0;
				LD_RUNPATH_SEARCH_PATHS = (
					"$(inherited)",
					"@executable_path/Frameworks",
				);
				MARKETING_VERSION = 1.0;
				PRODUCT_BUNDLE_IDENTIFIER = "niekvdpas.Focal-iOS2024";
				PRODUCT_NAME = "$(TARGET_NAME)";
				PROVISIONING_PROFILE_SPECIFIER = "";
				SDKROOT = iphoneos;
				SWIFT_EMIT_LOC_STRINGS = YES;
				SWIFT_VERSION = 5.0;
				TARGETED_DEVICE_FAMILY = "1,2";
				VALIDATE_PRODUCT = YES;
			};
			name = Release;
		};
		9F954B042B9F3BCE00A8D5FA /* Debug */ = {
			isa = XCBuildConfiguration;
			buildSettings = {
				ALWAYS_SEARCH_USER_PATHS = NO;
				ASSETCATALOG_COMPILER_GENERATE_SWIFT_ASSET_SYMBOL_EXTENSIONS = YES;
				CLANG_ANALYZER_NONNULL = YES;
				CLANG_ANALYZER_NUMBER_OBJECT_CONVERSION = YES_AGGRESSIVE;
				CLANG_CXX_LANGUAGE_STANDARD = "gnu++20";
				CLANG_ENABLE_MODULES = YES;
				CLANG_ENABLE_OBJC_ARC = YES;
				CLANG_ENABLE_OBJC_WEAK = YES;
				CLANG_WARN_BLOCK_CAPTURE_AUTORELEASING = YES;
				CLANG_WARN_BOOL_CONVERSION = YES;
				CLANG_WARN_COMMA = YES;
				CLANG_WARN_CONSTANT_CONVERSION = YES;
				CLANG_WARN_DEPRECATED_OBJC_IMPLEMENTATIONS = YES;
				CLANG_WARN_DIRECT_OBJC_ISA_USAGE = YES_ERROR;
				CLANG_WARN_DOCUMENTATION_COMMENTS = YES;
				CLANG_WARN_EMPTY_BODY = YES;
				CLANG_WARN_ENUM_CONVERSION = YES;
				CLANG_WARN_INFINITE_RECURSION = YES;
				CLANG_WARN_INT_CONVERSION = YES;
				CLANG_WARN_NON_LITERAL_NULL_CONVERSION = YES;
				CLANG_WARN_OBJC_IMPLICIT_RETAIN_SELF = YES;
				CLANG_WARN_OBJC_LITERAL_CONVERSION = YES;
				CLANG_WARN_OBJC_ROOT_CLASS = YES_ERROR;
				CLANG_WARN_QUOTED_INCLUDE_IN_FRAMEWORK_HEADER = YES;
				CLANG_WARN_RANGE_LOOP_ANALYSIS = YES;
				CLANG_WARN_STRICT_PROTOTYPES = YES;
				CLANG_WARN_SUSPICIOUS_MOVE = YES;
				CLANG_WARN_UNGUARDED_AVAILABILITY = YES_AGGRESSIVE;
				CLANG_WARN_UNREACHABLE_CODE = YES;
				CLANG_WARN__DUPLICATE_METHOD_MATCH = YES;
				COPY_PHASE_STRIP = NO;
				DEBUG_INFORMATION_FORMAT = dwarf;
				ENABLE_STRICT_OBJC_MSGSEND = YES;
				ENABLE_TESTABILITY = YES;
				ENABLE_USER_SCRIPT_SANDBOXING = YES;
				GCC_C_LANGUAGE_STANDARD = gnu17;
				GCC_DYNAMIC_NO_PIC = NO;
				GCC_NO_COMMON_BLOCKS = YES;
				GCC_OPTIMIZATION_LEVEL = 0;
				GCC_PREPROCESSOR_DEFINITIONS = (
					"DEBUG=1",
					"$(inherited)",
				);
				GCC_WARN_64_TO_32_BIT_CONVERSION = YES;
				GCC_WARN_ABOUT_RETURN_TYPE = YES_ERROR;
				GCC_WARN_UNDECLARED_SELECTOR = YES;
				GCC_WARN_UNINITIALIZED_AUTOS = YES_AGGRESSIVE;
				GCC_WARN_UNUSED_FUNCTION = YES;
				GCC_WARN_UNUSED_VARIABLE = YES;
				LOCALIZATION_PREFERS_STRING_CATALOGS = YES;
				MACOSX_DEPLOYMENT_TARGET = 14.3;
				MTL_ENABLE_DEBUG_INFO = INCLUDE_SOURCE;
				MTL_FAST_MATH = YES;
				ONLY_ACTIVE_ARCH = YES;
				SDKROOT = macosx;
				SWIFT_ACTIVE_COMPILATION_CONDITIONS = "DEBUG $(inherited)";
				SWIFT_OPTIMIZATION_LEVEL = "-Onone";
			};
			name = Debug;
		};
		9F954B052B9F3BCE00A8D5FA /* Release */ = {
			isa = XCBuildConfiguration;
			buildSettings = {
				ALWAYS_SEARCH_USER_PATHS = NO;
				ASSETCATALOG_COMPILER_GENERATE_SWIFT_ASSET_SYMBOL_EXTENSIONS = YES;
				CLANG_ANALYZER_NONNULL = YES;
				CLANG_ANALYZER_NUMBER_OBJECT_CONVERSION = YES_AGGRESSIVE;
				CLANG_CXX_LANGUAGE_STANDARD = "gnu++20";
				CLANG_ENABLE_MODULES = YES;
				CLANG_ENABLE_OBJC_ARC = YES;
				CLANG_ENABLE_OBJC_WEAK = YES;
				CLANG_WARN_BLOCK_CAPTURE_AUTORELEASING = YES;
				CLANG_WARN_BOOL_CONVERSION = YES;
				CLANG_WARN_COMMA = YES;
				CLANG_WARN_CONSTANT_CONVERSION = YES;
				CLANG_WARN_DEPRECATED_OBJC_IMPLEMENTATIONS = YES;
				CLANG_WARN_DIRECT_OBJC_ISA_USAGE = YES_ERROR;
				CLANG_WARN_DOCUMENTATION_COMMENTS = YES;
				CLANG_WARN_EMPTY_BODY = YES;
				CLANG_WARN_ENUM_CONVERSION = YES;
				CLANG_WARN_INFINITE_RECURSION = YES;
				CLANG_WARN_INT_CONVERSION = YES;
				CLANG_WARN_NON_LITERAL_NULL_CONVERSION = YES;
				CLANG_WARN_OBJC_IMPLICIT_RETAIN_SELF = YES;
				CLANG_WARN_OBJC_LITERAL_CONVERSION = YES;
				CLANG_WARN_OBJC_ROOT_CLASS = YES_ERROR;
				CLANG_WARN_QUOTED_INCLUDE_IN_FRAMEWORK_HEADER = YES;
				CLANG_WARN_RANGE_LOOP_ANALYSIS = YES;
				CLANG_WARN_STRICT_PROTOTYPES = YES;
				CLANG_WARN_SUSPICIOUS_MOVE = YES;
				CLANG_WARN_UNGUARDED_AVAILABILITY = YES_AGGRESSIVE;
				CLANG_WARN_UNREACHABLE_CODE = YES;
				CLANG_WARN__DUPLICATE_METHOD_MATCH = YES;
				COPY_PHASE_STRIP = NO;
				DEBUG_INFORMATION_FORMAT = "dwarf-with-dsym";
				ENABLE_NS_ASSERTIONS = NO;
				ENABLE_STRICT_OBJC_MSGSEND = YES;
				ENABLE_USER_SCRIPT_SANDBOXING = YES;
				GCC_C_LANGUAGE_STANDARD = gnu17;
				GCC_NO_COMMON_BLOCKS = YES;
				GCC_WARN_64_TO_32_BIT_CONVERSION = YES;
				GCC_WARN_ABOUT_RETURN_TYPE = YES_ERROR;
				GCC_WARN_UNDECLARED_SELECTOR = YES;
				GCC_WARN_UNINITIALIZED_AUTOS = YES_AGGRESSIVE;
				GCC_WARN_UNUSED_FUNCTION = YES;
				GCC_WARN_UNUSED_VARIABLE = YES;
				LOCALIZATION_PREFERS_STRING_CATALOGS = YES;
				MACOSX_DEPLOYMENT_TARGET = 14.3;
				MTL_ENABLE_DEBUG_INFO = NO;
				MTL_FAST_MATH = YES;
				SDKROOT = macosx;
				SWIFT_COMPILATION_MODE = wholemodule;
			};
			name = Release;
		};
		9F954B072B9F3BCE00A8D5FA /* Debug */ = {
			isa = XCBuildConfiguration;
			buildSettings = {
				ASSETCATALOG_COMPILER_APPICON_NAME = AppIcon;
				ASSETCATALOG_COMPILER_GLOBAL_ACCENT_COLOR_NAME = AccentColor;
				ASSETCATALOG_COMPILER_INCLUDE_ALL_APPICON_ASSETS = NO;
				CODE_SIGN_ENTITLEMENTS = Focal/Focal.entitlements;
				CODE_SIGN_STYLE = Automatic;
				COMBINE_HIDPI_IMAGES = YES;
				CURRENT_PROJECT_VERSION = 1;
				DEVELOPMENT_ASSET_PATHS = "\"Focal/Preview Content\"";
				DEVELOPMENT_TEAM = 335PJS6A82;
				ENABLE_HARDENED_RUNTIME = YES;
				ENABLE_PREVIEWS = YES;
				GENERATE_INFOPLIST_FILE = YES;
				INFOPLIST_FILE = Focal/Info.plist;
				INFOPLIST_KEY_LSApplicationCategoryType = "";
				INFOPLIST_KEY_NSHumanReadableCopyright = "";
				LD_RUNPATH_SEARCH_PATHS = (
					"$(inherited)",
					"@executable_path/../Frameworks",
				);
				MACOSX_DEPLOYMENT_TARGET = 13.0;
				MARKETING_VERSION = 1.0;
				PRODUCT_BUNDLE_IDENTIFIER = niekvdpas.Focal;
				PRODUCT_NAME = "$(TARGET_NAME)";
				SWIFT_EMIT_LOC_STRINGS = YES;
				SWIFT_VERSION = 5.0;
			};
			name = Debug;
		};
		9F954B082B9F3BCE00A8D5FA /* Release */ = {
			isa = XCBuildConfiguration;
			buildSettings = {
				ASSETCATALOG_COMPILER_APPICON_NAME = AppIcon;
				ASSETCATALOG_COMPILER_GLOBAL_ACCENT_COLOR_NAME = AccentColor;
				ASSETCATALOG_COMPILER_INCLUDE_ALL_APPICON_ASSETS = NO;
				CODE_SIGN_ENTITLEMENTS = Focal/Focal.entitlements;
				CODE_SIGN_STYLE = Automatic;
				COMBINE_HIDPI_IMAGES = YES;
				CURRENT_PROJECT_VERSION = 1;
				DEVELOPMENT_ASSET_PATHS = "\"Focal/Preview Content\"";
				DEVELOPMENT_TEAM = 335PJS6A82;
				ENABLE_HARDENED_RUNTIME = YES;
				ENABLE_PREVIEWS = YES;
				GENERATE_INFOPLIST_FILE = YES;
				INFOPLIST_FILE = Focal/Info.plist;
				INFOPLIST_KEY_LSApplicationCategoryType = "";
				INFOPLIST_KEY_NSHumanReadableCopyright = "";
				LD_RUNPATH_SEARCH_PATHS = (
					"$(inherited)",
					"@executable_path/../Frameworks",
				);
				MACOSX_DEPLOYMENT_TARGET = 13.0;
				MARKETING_VERSION = 1.0;
				PRODUCT_BUNDLE_IDENTIFIER = niekvdpas.Focal;
				PRODUCT_NAME = "$(TARGET_NAME)";
				SWIFT_EMIT_LOC_STRINGS = YES;
				SWIFT_VERSION = 5.0;
			};
			name = Release;
		};
/* End XCBuildConfiguration section */

/* Begin XCConfigurationList section */
		9F3053A32BB5E9B8006B8090 /* Build configuration list for PBXNativeTarget "TimerWidgetExtension" */ = {
			isa = XCConfigurationList;
			buildConfigurations = (
				9F3053A12BB5E9B8006B8090 /* Debug */,
				9F3053A22BB5E9B8006B8090 /* Release */,
			);
			defaultConfigurationIsVisible = 0;
			defaultConfigurationName = Release;
		};
		9F5D33F42BA9B9D50049100C /* Build configuration list for PBXNativeTarget "Focal iOS" */ = {
			isa = XCConfigurationList;
			buildConfigurations = (
				9F5D33F22BA9B9D50049100C /* Debug */,
				9F5D33F32BA9B9D50049100C /* Release */,
			);
			defaultConfigurationIsVisible = 0;
			defaultConfigurationName = Release;
		};
		9F954AF22B9F3BCC00A8D5FA /* Build configuration list for PBXProject "Focal" */ = {
			isa = XCConfigurationList;
			buildConfigurations = (
				9F954B042B9F3BCE00A8D5FA /* Debug */,
				9F954B052B9F3BCE00A8D5FA /* Release */,
			);
			defaultConfigurationIsVisible = 0;
			defaultConfigurationName = Release;
		};
		9F954B062B9F3BCE00A8D5FA /* Build configuration list for PBXNativeTarget "Focal" */ = {
			isa = XCConfigurationList;
			buildConfigurations = (
				9F954B072B9F3BCE00A8D5FA /* Debug */,
				9F954B082B9F3BCE00A8D5FA /* Release */,
			);
			defaultConfigurationIsVisible = 0;
			defaultConfigurationName = Release;
		};
/* End XCConfigurationList section */

/* Begin XCRemoteSwiftPackageReference section */
		9F0367B82BD2761900863D03 /* XCRemoteSwiftPackageReference "ConfettiSwiftUI" */ = {
			isa = XCRemoteSwiftPackageReference;
			repositoryURL = "https://github.com/simibac/ConfettiSwiftUI.git";
			requirement = {
				kind = upToNextMajorVersion;
				minimumVersion = 1.1.0;
			};
		};
		9F83A67F2BAB6ACE004A6E6A /* XCRemoteSwiftPackageReference "KeyboardShortcuts" */ = {
			isa = XCRemoteSwiftPackageReference;
			repositoryURL = "https://github.com/sindresorhus/KeyboardShortcuts";
			requirement = {
				kind = upToNextMajorVersion;
				minimumVersion = 2.0.0;
			};
		};
/* End XCRemoteSwiftPackageReference section */

/* Begin XCSwiftPackageProductDependency section */
		9F83A6802BAB6ACE004A6E6A /* KeyboardShortcuts */ = {
			isa = XCSwiftPackageProductDependency;
			package = 9F83A67F2BAB6ACE004A6E6A /* XCRemoteSwiftPackageReference "KeyboardShortcuts" */;
			productName = KeyboardShortcuts;
		};
		9FF6FCE82BD2773300E97D49 /* ConfettiSwiftUI */ = {
			isa = XCSwiftPackageProductDependency;
			package = 9F0367B82BD2761900863D03 /* XCRemoteSwiftPackageReference "ConfettiSwiftUI" */;
			productName = ConfettiSwiftUI;
		};
		9FF6FCEA2BD2774100E97D49 /* ConfettiSwiftUI */ = {
			isa = XCSwiftPackageProductDependency;
			package = 9F0367B82BD2761900863D03 /* XCRemoteSwiftPackageReference "ConfettiSwiftUI" */;
			productName = ConfettiSwiftUI;
		};
/* End XCSwiftPackageProductDependency section */
	};
	rootObject = 9F954AEF2B9F3BCC00A8D5FA /* Project object */;
}
